
Microsoft Visual Studio Solution File, Format Version 12.00
# Visual Studio 15
VisualStudioVersion = 15.0.27130.2003
MinimumVisualStudioVersion = 10.0.40219.1
Project("{FAE04EC0-301F-11D3-BF4B-00C04F79EFBC}") = "Game.Logic", "Game.Logic\Game.Logic.csproj", "{B3E088E0-793E-4ED3-BED9-3C263B79FD9B}"
EndProject
Project("{FAE04EC0-301F-11D3-BF4B-00C04F79EFBC}") = "ConsoleApp", "Console\ConsoleApp.csproj", "{AAE3DFC6-A0D8-4297-989F-82EEF5351E65}"
EndProject
Project("{FAE04EC0-301F-11D3-BF4B-00C04F79EFBC}") = "UnitTest", "UnitTest\UnitTest.csproj", "{D4877711-BD0D-4546-9B34-D3ACA8FABDE7}"
EndProject
Global
	GlobalSection(SolutionConfigurationPlatforms) = preSolution
		Debug|Any CPU = Debug|Any CPU
		Release|Any CPU = Release|Any CPU
	EndGlobalSection
	GlobalSection(ProjectConfigurationPlatforms) = postSolution
		{B3E088E0-793E-4ED3-BED9-3C263B79FD9B}.Debug|Any CPU.ActiveCfg = Debug|Any CPU
		{B3E088E0-793E-4ED3-BED9-3C263B79FD9B}.Debug|Any CPU.Build.0 = Debug|Any CPU
		{B3E088E0-793E-4ED3-BED9-3C263B79FD9B}.Release|Any CPU.ActiveCfg = Release|Any CPU
		{B3E088E0-793E-4ED3-BED9-3C263B79FD9B}.Release|Any CPU.Build.0 = Release|Any CPU
		{AAE3DFC6-A0D8-4297-989F-82EEF5351E65}.Debug|Any CPU.ActiveCfg = Debug|Any CPU
		{AAE3DFC6-A0D8-4297-989F-82EEF5351E65}.Debug|Any CPU.Build.0 = Debug|Any CPU
		{AAE3DFC6-A0D8-4297-989F-82EEF5351E65}.Release|Any CPU.ActiveCfg = Release|Any CPU
		{AAE3DFC6-A0D8-4297-989F-82EEF5351E65}.Release|Any CPU.Build.0 = Release|Any CPU
		{D4877711-BD0D-4546-9B34-D3ACA8FABDE7}.Debug|Any CPU.ActiveCfg = Debug|Any CPU
		{D4877711-BD0D-4546-9B34-D3ACA8FABDE7}.Debug|Any CPU.Build.0 = Debug|Any CPU
		{D4877711-BD0D-4546-9B34-D3ACA8FABDE7}.Release|Any CPU.ActiveCfg = Release|Any CPU
		{D4877711-BD0D-4546-9B34-D3ACA8FABDE7}.Release|Any CPU.Build.0 = Release|Any CPU
	EndGlobalSection
	GlobalSection(SolutionProperties) = preSolution
		HideSolutionNode = FALSE
	EndGlobalSection
	GlobalSection(ExtensibilityGlobals) = postSolution
		SolutionGuid = {81AB0F5E-09BD-40B6-9AF1-D31E6342C3CD}
	EndGlobalSection
EndGlobal
